// !$*UTF8*$!
{
	archiveVersion = 1;
	classes = {
	};
	objectVersion = 55;
	objects = {

/* Begin PBXBuildFile section */
		52E1056027F2870A004B716A /* AppDelegate.swift in Sources */ = {isa = PBXBuildFile; fileRef = 52E1055F27F2870A004B716A /* AppDelegate.swift */; };
		52E1056227F2870A004B716A /* ViewController.swift in Sources */ = {isa = PBXBuildFile; fileRef = 52E1056127F2870A004B716A /* ViewController.swift */; };
		52E1056527F2870A004B716A /* StormViewer.xcdatamodeld in Sources */ = {isa = PBXBuildFile; fileRef = 52E1056327F2870A004B716A /* StormViewer.xcdatamodeld */; };
		52E1056727F2870B004B716A /* Assets.xcassets in Resources */ = {isa = PBXBuildFile; fileRef = 52E1056627F2870B004B716A /* Assets.xcassets */; };
		52E1056A27F2870B004B716A /* Main.storyboard in Resources */ = {isa = PBXBuildFile; fileRef = 52E1056827F2870B004B716A /* Main.storyboard */; };
		52E1057227F28C72004B716A /* Info.plist in Resources */ = {isa = PBXBuildFile; fileRef = 52E1057127F28C72004B716A /* Info.plist */; };
		52E1057E27F28E17004B716A /* nssl0033.jpg in Resources */ = {isa = PBXBuildFile; fileRef = 52E1057427F28E17004B716A /* nssl0033.jpg */; };
		52E1057F27F28E17004B716A /* nssl0034.jpg in Resources */ = {isa = PBXBuildFile; fileRef = 52E1057527F28E17004B716A /* nssl0034.jpg */; };
		52E1058027F28E17004B716A /* nssl0041.jpg in Resources */ = {isa = PBXBuildFile; fileRef = 52E1057627F28E17004B716A /* nssl0041.jpg */; };
		52E1058127F28E17004B716A /* nssl0042.jpg in Resources */ = {isa = PBXBuildFile; fileRef = 52E1057727F28E17004B716A /* nssl0042.jpg */; };
		52E1058227F28E17004B716A /* nssl0043.jpg in Resources */ = {isa = PBXBuildFile; fileRef = 52E1057827F28E17004B716A /* nssl0043.jpg */; };
		52E1058327F28E17004B716A /* nssl0045.jpg in Resources */ = {isa = PBXBuildFile; fileRef = 52E1057927F28E17004B716A /* nssl0045.jpg */; };
		52E1058427F28E17004B716A /* nssl0046.jpg in Resources */ = {isa = PBXBuildFile; fileRef = 52E1057A27F28E17004B716A /* nssl0046.jpg */; };
		52E1058527F28E17004B716A /* nssl0049.jpg in Resources */ = {isa = PBXBuildFile; fileRef = 52E1057B27F28E17004B716A /* nssl0049.jpg */; };
		52E1058627F28E17004B716A /* nssl0051.jpg in Resources */ = {isa = PBXBuildFile; fileRef = 52E1057C27F28E17004B716A /* nssl0051.jpg */; };
		52E1058727F28E17004B716A /* nssl0091.jpg in Resources */ = {isa = PBXBuildFile; fileRef = 52E1057D27F28E17004B716A /* nssl0091.jpg */; };
		52E105D827F2C8A8004B716A /* SourceViewController.swift in Sources */ = {isa = PBXBuildFile; fileRef = 52E105D727F2C8A8004B716A /* SourceViewController.swift */; };
		52E105DA27F2C9CD004B716A /* DetailViewController.swift in Sources */ = {isa = PBXBuildFile; fileRef = 52E105D927F2C9CD004B716A /* DetailViewController.swift */; };
/* End PBXBuildFile section */

/* Begin PBXFileReference section */
		52E1055C27F2870A004B716A /* StormViewer.app */ = {isa = PBXFileReference; explicitFileType = wrapper.application; includeInIndex = 0; path = StormViewer.app; sourceTree = BUILT_PRODUCTS_DIR; };
		52E1055F27F2870A004B716A /* AppDelegate.swift */ = {isa = PBXFileReference; lastKnownFileType = sourcecode.swift; path = AppDelegate.swift; sourceTree = "<group>"; };
		52E1056127F2870A004B716A /* ViewController.swift */ = {isa = PBXFileReference; lastKnownFileType = sourcecode.swift; path = ViewController.swift; sourceTree = "<group>"; };
		52E1056427F2870A004B716A /* StormViewer.xcdatamodel */ = {isa = PBXFileReference; lastKnownFileType = wrapper.xcdatamodel; path = StormViewer.xcdatamodel; sourceTree = "<group>"; };
		52E1056627F2870B004B716A /* Assets.xcassets */ = {isa = PBXFileReference; lastKnownFileType = folder.assetcatalog; path = Assets.xcassets; sourceTree = "<group>"; };
		52E1056927F2870B004B716A /* Base */ = {isa = PBXFileReference; lastKnownFileType = file.storyboard; name = Base; path = Base.lproj/Main.storyboard; sourceTree = "<group>"; };
		52E1056B27F2870B004B716A /* StormViewer.entitlements */ = {isa = PBXFileReference; lastKnownFileType = text.plist.entitlements; path = StormViewer.entitlements; sourceTree = "<group>"; };
		52E1057127F28C72004B716A /* Info.plist */ = {isa = PBXFileReference; fileEncoding = 4; lastKnownFileType = text.plist.xml; path = Info.plist; sourceTree = "<group>"; };
		52E1057427F28E17004B716A /* nssl0033.jpg */ = {isa = PBXFileReference; lastKnownFileType = image.jpeg; path = nssl0033.jpg; sourceTree = "<group>"; };
		52E1057527F28E17004B716A /* nssl0034.jpg */ = {isa = PBXFileReference; lastKnownFileType = image.jpeg; path = nssl0034.jpg; sourceTree = "<group>"; };
		52E1057627F28E17004B716A /* nssl0041.jpg */ = {isa = PBXFileReference; lastKnownFileType = image.jpeg; path = nssl0041.jpg; sourceTree = "<group>"; };
		52E1057727F28E17004B716A /* nssl0042.jpg */ = {isa = PBXFileReference; lastKnownFileType = image.jpeg; path = nssl0042.jpg; sourceTree = "<group>"; };
		52E1057827F28E17004B716A /* nssl0043.jpg */ = {isa = PBXFileReference; lastKnownFileType = image.jpeg; path = nssl0043.jpg; sourceTree = "<group>"; };
		52E1057927F28E17004B716A /* nssl0045.jpg */ = {isa = PBXFileReference; lastKnownFileType = image.jpeg; path = nssl0045.jpg; sourceTree = "<group>"; };
		52E1057A27F28E17004B716A /* nssl0046.jpg */ = {isa = PBXFileReference; lastKnownFileType = image.jpeg; path = nssl0046.jpg; sourceTree = "<group>"; };
		52E1057B27F28E17004B716A /* nssl0049.jpg */ = {isa = PBXFileReference; lastKnownFileType = image.jpeg; path = nssl0049.jpg; sourceTree = "<group>"; };
		52E1057C27F28E17004B716A /* nssl0051.jpg */ = {isa = PBXFileReference; lastKnownFileType = image.jpeg; path = nssl0051.jpg; sourceTree = "<group>"; };
		52E1057D27F28E17004B716A /* nssl0091.jpg */ = {isa = PBXFileReference; lastKnownFileType = image.jpeg; path = nssl0091.jpg; sourceTree = "<group>"; };
		52E105D727F2C8A8004B716A /* SourceViewController.swift */ = {isa = PBXFileReference; lastKnownFileType = sourcecode.swift; path = SourceViewController.swift; sourceTree = "<group>"; };
		52E105D927F2C9CD004B716A /* DetailViewController.swift */ = {isa = PBXFileReference; lastKnownFileType = sourcecode.swift; path = DetailViewController.swift; sourceTree = "<group>"; };
/* End PBXFileReference section */

/* Begin PBXFrameworksBuildPhase section */
		52E1055927F2870A004B716A /* Frameworks */ = {
			isa = PBXFrameworksBuildPhase;
			buildActionMask = 2147483647;
			files = (
			);
			runOnlyForDeploymentPostprocessing = 0;
		};
/* End PBXFrameworksBuildPhase section */

/* Begin PBXGroup section */
		52E1055327F2870A004B716A = {
			isa = PBXGroup;
			children = (
				52E1055E27F2870A004B716A /* StormViewer */,
				52E1055D27F2870A004B716A /* Products */,
			);
			sourceTree = "<group>";
		};
		52E1055D27F2870A004B716A /* Products */ = {
			isa = PBXGroup;
			children = (
				52E1055C27F2870A004B716A /* StormViewer.app */,
			);
			name = Products;
			sourceTree = "<group>";
		};
		52E1055E27F2870A004B716A /* StormViewer */ = {
			isa = PBXGroup;
			children = (
				52E1055F27F2870A004B716A /* AppDelegate.swift */,
				52E1056127F2870A004B716A /* ViewController.swift */,
				52E1056627F2870B004B716A /* Assets.xcassets */,
				52E1056827F2870B004B716A /* Main.storyboard */,
				52E105D727F2C8A8004B716A /* SourceViewController.swift */,
				52E105D927F2C9CD004B716A /* DetailViewController.swift */,
				52E1056B27F2870B004B716A /* StormViewer.entitlements */,
				52E1057327F28E17004B716A /* Content */,
				52E1056327F2870A004B716A /* StormViewer.xcdatamodeld */,
				52E1057127F28C72004B716A /* Info.plist */,
			);
			path = StormViewer;
			sourceTree = "<group>";
		};
		52E1057327F28E17004B716A /* Content */ = {
			isa = PBXGroup;
			children = (
				52E1057427F28E17004B716A /* nssl0033.jpg */,
				52E1057527F28E17004B716A /* nssl0034.jpg */,
				52E1057627F28E17004B716A /* nssl0041.jpg */,
				52E1057727F28E17004B716A /* nssl0042.jpg */,
				52E1057827F28E17004B716A /* nssl0043.jpg */,
				52E1057927F28E17004B716A /* nssl0045.jpg */,
				52E1057A27F28E17004B716A /* nssl0046.jpg */,
				52E1057B27F28E17004B716A /* nssl0049.jpg */,
				52E1057C27F28E17004B716A /* nssl0051.jpg */,
				52E1057D27F28E17004B716A /* nssl0091.jpg */,
			);
			path = Content;
			sourceTree = "<group>";
		};
/* End PBXGroup section */

/* Begin PBXNativeTarget section */
		52E1055B27F2870A004B716A /* StormViewer */ = {
			isa = PBXNativeTarget;
			buildConfigurationList = 52E1056E27F2870B004B716A /* Build configuration list for PBXNativeTarget "StormViewer" */;
			buildPhases = (
				52E1055827F2870A004B716A /* Sources */,
				52E1055927F2870A004B716A /* Frameworks */,
				52E1055A27F2870A004B716A /* Resources */,
			);
			buildRules = (
			);
			dependencies = (
			);
			name = StormViewer;
			productName = StormViewer;
			productReference = 52E1055C27F2870A004B716A /* StormViewer.app */;
			productType = "com.apple.product-type.application";
		};
/* End PBXNativeTarget section */

/* Begin PBXProject section */
		52E1055427F2870A004B716A /* Project object */ = {
			isa = PBXProject;
			attributes = {
				BuildIndependentTargetsInParallel = 1;
				LastSwiftUpdateCheck = 1330;
				LastUpgradeCheck = 1330;
				TargetAttributes = {
					52E1055B27F2870A004B716A = {
						CreatedOnToolsVersion = 13.3;
					};
				};
			};
			buildConfigurationList = 52E1055727F2870A004B716A /* Build configuration list for PBXProject "StormViewer" */;
			compatibilityVersion = "Xcode 13.0";
			developmentRegion = en;
			hasScannedForEncodings = 0;
			knownRegions = (
				en,
				Base,
			);
			mainGroup = 52E1055327F2870A004B716A;
			productRefGroup = 52E1055D27F2870A004B716A /* Products */;
			projectDirPath = "";
			projectRoot = "";
			targets = (
				52E1055B27F2870A004B716A /* StormViewer */,
			);
		};
/* End PBXProject section */

/* Begin PBXResourcesBuildPhase section */
		52E1055A27F2870A004B716A /* Resources */ = {
			isa = PBXResourcesBuildPhase;
			buildActionMask = 2147483647;
			files = (
				52E1057F27F28E17004B716A /* nssl0034.jpg in Resources */,
				52E1058627F28E17004B716A /* nssl0051.jpg in Resources */,
				52E1056727F2870B004B716A /* Assets.xcassets in Resources */,
				52E1058227F28E17004B716A /* nssl0043.jpg in Resources */,
				52E1057E27F28E17004B716A /* nssl0033.jpg in Resources */,
				52E1058327F28E17004B716A /* nssl0045.jpg in Resources */,
				52E1058427F28E17004B716A /* nssl0046.jpg in Resources */,
				52E1058527F28E17004B716A /* nssl0049.jpg in Resources */,
				52E1058127F28E17004B716A /* nssl0042.jpg in Resources */,
				52E1056A27F2870B004B716A /* Main.storyboard in Resources */,
				52E1058727F28E17004B716A /* nssl0091.jpg in Resources */,
				52E1058027F28E17004B716A /* nssl0041.jpg in Resources */,
				52E1057227F28C72004B716A /* Info.plist in Resources */,
			);
			runOnlyForDeploymentPostprocessing = 0;
		};
/* End PBXResourcesBuildPhase section */

/* Begin PBXSourcesBuildPhase section */
		52E1055827F2870A004B716A /* Sources */ = {
			isa = PBXSourcesBuildPhase;
			buildActionMask = 2147483647;
			files = (
				52E1056527F2870A004B716A /* StormViewer.xcdatamodeld in Sources */,
				52E105D827F2C8A8004B716A /* SourceViewController.swift in Sources */,
				52E105DA27F2C9CD004B716A /* DetailViewController.swift in Sources */,
				52E1056227F2870A004B716A /* ViewController.swift in Sources */,
				52E1056027F2870A004B716A /* AppDelegate.swift in Sources */,
			);
			runOnlyForDeploymentPostprocessing = 0;
		};
/* End PBXSourcesBuildPhase section */

/* Begin PBXVariantGroup section */
		52E1056827F2870B004B716A /* Main.storyboard */ = {
			isa = PBXVariantGroup;
			children = (
				52E1056927F2870B004B716A /* Base */,
			);
			name = Main.storyboard;
			sourceTree = "<group>";
		};
/* End PBXVariantGroup section */

/* Begin XCBuildConfiguration section */
		52E1056C27F2870B004B716A /* Debug */ = {
			isa = XCBuildConfiguration;
			buildSettings = {
				ALWAYS_SEARCH_USER_PATHS = NO;
				CLANG_ANALYZER_NONNULL = YES;
				CLANG_ANALYZER_NUMBER_OBJECT_CONVERSION = YES_AGGRESSIVE;
				CLANG_CXX_LANGUAGE_STANDARD = "gnu++17";
				CLANG_ENABLE_MODULES = YES;
				CLANG_ENABLE_OBJC_ARC = YES;
				CLANG_ENABLE_OBJC_WEAK = YES;
				CLANG_WARN_BLOCK_CAPTURE_AUTORELEASING = YES;
				CLANG_WARN_BOOL_CONVERSION = YES;
				CLANG_WARN_COMMA = YES;
				CLANG_WARN_CONSTANT_CONVERSION = YES;
				CLANG_WARN_DEPRECATED_OBJC_IMPLEMENTATIONS = YES;
				CLANG_WARN_DIRECT_OBJC_ISA_USAGE = YES_ERROR;
				CLANG_WARN_DOCUMENTATION_COMMENTS = YES;
				CLANG_WARN_EMPTY_BODY = YES;
				CLANG_WARN_ENUM_CONVERSION = YES;
				CLANG_WARN_INFINITE_RECURSION = YES;
				CLANG_WARN_INT_CONVERSION = YES;
				CLANG_WARN_NON_LITERAL_NULL_CONVERSION = YES;
				CLANG_WARN_OBJC_IMPLICIT_RETAIN_SELF = YES;
				CLANG_WARN_OBJC_LITERAL_CONVERSION = YES;
				CLANG_WARN_OBJC_ROOT_CLASS = YES_ERROR;
				CLANG_WARN_QUOTED_INCLUDE_IN_FRAMEWORK_HEADER = YES;
				CLANG_WARN_RANGE_LOOP_ANALYSIS = YES;
				CLANG_WARN_STRICT_PROTOTYPES = YES;
				CLANG_WARN_SUSPICIOUS_MOVE = YES;
				CLANG_WARN_UNGUARDED_AVAILABILITY = YES_AGGRESSIVE;
				CLANG_WARN_UNREACHABLE_CODE = YES;
				CLANG_WARN__DUPLICATE_METHOD_MATCH = YES;
				COPY_PHASE_STRIP = NO;
				DEBUG_INFORMATION_FORMAT = dwarf;
				ENABLE_STRICT_OBJC_MSGSEND = YES;
				ENABLE_TESTABILITY = YES;
				GCC_C_LANGUAGE_STANDARD = gnu11;
				GCC_DYNAMIC_NO_PIC = NO;
				GCC_NO_COMMON_BLOCKS = YES;
				GCC_OPTIMIZATION_LEVEL = 0;
				GCC_PREPROCESSOR_DEFINITIONS = (
					"DEBUG=1",
					"$(inherited)",
				);
				GCC_WARN_64_TO_32_BIT_CONVERSION = YES;
				GCC_WARN_ABOUT_RETURN_TYPE = YES_ERROR;
				GCC_WARN_UNDECLARED_SELECTOR = YES;
				GCC_WARN_UNINITIALIZED_AUTOS = YES_AGGRESSIVE;
				GCC_WARN_UNUSED_FUNCTION = YES;
				GCC_WARN_UNUSED_VARIABLE = YES;
				MACOSX_DEPLOYMENT_TARGET = 12.3;
				MTL_ENABLE_DEBUG_INFO = INCLUDE_SOURCE;
				MTL_FAST_MATH = YES;
				ONLY_ACTIVE_ARCH = YES;
				SDKROOT = macosx;
				SWIFT_ACTIVE_COMPILATION_CONDITIONS = DEBUG;
				SWIFT_OPTIMIZATION_LEVEL = "-Onone";
			};
			name = Debug;
		};
		52E1056D27F2870B004B716A /* Release */ = {
			isa = XCBuildConfiguration;
			buildSettings = {
				ALWAYS_SEARCH_USER_PATHS = NO;
				CLANG_ANALYZER_NONNULL = YES;
				CLANG_ANALYZER_NUMBER_OBJECT_CONVERSION = YES_AGGRESSIVE;
				CLANG_CXX_LANGUAGE_STANDARD = "gnu++17";
				CLANG_ENABLE_MODULES = YES;
				CLANG_ENABLE_OBJC_ARC = YES;
				CLANG_ENABLE_OBJC_WEAK = YES;
				CLANG_WARN_BLOCK_CAPTURE_AUTORELEASING = YES;
				CLANG_WARN_BOOL_CONVERSION = YES;
				CLANG_WARN_COMMA = YES;
				CLANG_WARN_CONSTANT_CONVERSION = YES;
				CLANG_WARN_DEPRECATED_OBJC_IMPLEMENTATIONS = YES;
				CLANG_WARN_DIRECT_OBJC_ISA_USAGE = YES_ERROR;
				CLANG_WARN_DOCUMENTATION_COMMENTS = YES;
				CLANG_WARN_EMPTY_BODY = YES;
				CLANG_WARN_ENUM_CONVERSION = YES;
				CLANG_WARN_INFINITE_RECURSION = YES;
				CLANG_WARN_INT_CONVERSION = YES;
				CLANG_WARN_NON_LITERAL_NULL_CONVERSION = YES;
				CLANG_WARN_OBJC_IMPLICIT_RETAIN_SELF = YES;
				CLANG_WARN_OBJC_LITERAL_CONVERSION = YES;
				CLANG_WARN_OBJC_ROOT_CLASS = YES_ERROR;
				CLANG_WARN_QUOTED_INCLUDE_IN_FRAMEWORK_HEADER = YES;
				CLANG_WARN_RANGE_LOOP_ANALYSIS = YES;
				CLANG_WARN_STRICT_PROTOTYPES = YES;
				CLANG_WARN_SUSPICIOUS_MOVE = YES;
				CLANG_WARN_UNGUARDED_AVAILABILITY = YES_AGGRESSIVE;
				CLANG_WARN_UNREACHABLE_CODE = YES;
				CLANG_WARN__DUPLICATE_METHOD_MATCH = YES;
				COPY_PHASE_STRIP = NO;
				DEBUG_INFORMATION_FORMAT = "dwarf-with-dsym";
				ENABLE_NS_ASSERTIONS = NO;
				ENABLE_STRICT_OBJC_MSGSEND = YES;
				GCC_C_LANGUAGE_STANDARD = gnu11;
				GCC_NO_COMMON_BLOCKS = YES;
				GCC_WARN_64_TO_32_BIT_CONVERSION = YES;
				GCC_WARN_ABOUT_RETURN_TYPE = YES_ERROR;
				GCC_WARN_UNDECLARED_SELECTOR = YES;
				GCC_WARN_UNINITIALIZED_AUTOS = YES_AGGRESSIVE;
				GCC_WARN_UNUSED_FUNCTION = YES;
				GCC_WARN_UNUSED_VARIABLE = YES;
				MACOSX_DEPLOYMENT_TARGET = 12.3;
				MTL_ENABLE_DEBUG_INFO = NO;
				MTL_FAST_MATH = YES;
				SDKROOT = macosx;
				SWIFT_COMPILATION_MODE = wholemodule;
				SWIFT_OPTIMIZATION_LEVEL = "-O";
			};
			name = Release;
		};
		52E1056F27F2870B004B716A /* Debug */ = {
			isa = XCBuildConfiguration;
			buildSettings = {
				ASSETCATALOG_COMPILER_APPICON_NAME = AppIcon;
				ASSETCATALOG_COMPILER_GLOBAL_ACCENT_COLOR_NAME = AccentColor;
				CODE_SIGN_ENTITLEMENTS = StormViewer/StormViewer.entitlements;
				CODE_SIGN_STYLE = Automatic;
				COMBINE_HIDPI_IMAGES = YES;
				CURRENT_PROJECT_VERSION = 1;
				DEVELOPMENT_TEAM = F94T4F28AP;
				ENABLE_HARDENED_RUNTIME = YES;
				GENERATE_INFOPLIST_FILE = YES;
				INFOPLIST_KEY_NSHumanReadableCopyright = "";
				INFOPLIST_KEY_NSMainStoryboardFile = Main;
				INFOPLIST_KEY_NSPrincipalClass = NSApplication;
				LD_RUNPATH_SEARCH_PATHS = (
					"$(inherited)",
					"@executable_path/../Frameworks",
				);
				MARKETING_VERSION = 1.0;
				PRODUCT_BUNDLE_IDENTIFIER = com.webkit.StormViewer;
				PRODUCT_NAME = "$(TARGET_NAME)";
				SWIFT_EMIT_LOC_STRINGS = YES;
				SWIFT_VERSION = 5.0;
			};
			name = Debug;
		};
		52E1057027F2870B004B716A /* Release */ = {
			isa = XCBuildConfiguration;
			buildSettings = {
				ASSETCATALOG_COMPILER_APPICON_NAME = AppIcon;
				ASSETCATALOG_COMPILER_GLOBAL_ACCENT_COLOR_NAME = AccentColor;
				CODE_SIGN_ENTITLEMENTS = StormViewer/StormViewer.entitlements;
				CODE_SIGN_STYLE = Automatic;
				COMBINE_HIDPI_IMAGES = YES;
				CURRENT_PROJECT_VERSION = 1;
				DEVELOPMENT_TEAM = F94T4F28AP;
				ENABLE_HARDENED_RUNTIME = YES;
				GENERATE_INFOPLIST_FILE = YES;
				INFOPLIST_KEY_NSHumanReadableCopyright = "";
				INFOPLIST_KEY_NSMainStoryboardFile = Main;
				INFOPLIST_KEY_NSPrincipalClass = NSApplication;
				LD_RUNPATH_SEARCH_PATHS = (
					"$(inherited)",
					"@executable_path/../Frameworks",
				);
				MARKETING_VERSION = 1.0;
				PRODUCT_BUNDLE_IDENTIFIER = com.webkit.StormViewer;
				PRODUCT_NAME = "$(TARGET_NAME)";
				SWIFT_EMIT_LOC_STRINGS = YES;
				SWIFT_VERSION = 5.0;
			};
			name = Release;
		};
/* End XCBuildConfiguration section */

/* Begin XCConfigurationList section */
		52E1055727F2870A004B716A /* Build configuration list for PBXProject "StormViewer" */ = {
			isa = XCConfigurationList;
			buildConfigurations = (
				52E1056C27F2870B004B716A /* Debug */,
				52E1056D27F2870B004B716A /* Release */,
			);
			defaultConfigurationIsVisible = 0;
			defaultConfigurationName = Release;
		};
		52E1056E27F2870B004B716A /* Build configuration list for PBXNativeTarget "StormViewer" */ = {
			isa = XCConfigurationList;
			buildConfigurations = (
				52E1056F27F2870B004B716A /* Debug */,
				52E1057027F2870B004B716A /* Release */,
			);
			defaultConfigurationIsVisible = 0;
			defaultConfigurationName = Release;
		};
/* End XCConfigurationList section */

/* Begin XCVersionGroup section */
		52E1056327F2870A004B716A /* StormViewer.xcdatamodeld */ = {
			isa = XCVersionGroup;
			children = (
				52E1056427F2870A004B716A /* StormViewer.xcdatamodel */,
			);
			currentVersion = 52E1056427F2870A004B716A /* StormViewer.xcdatamodel */;
			path = StormViewer.xcdatamodeld;
			sourceTree = "<group>";
			versionGroupType = wrapper.xcdatamodel;
		};
/* End XCVersionGroup section */
	};
	rootObject = 52E1055427F2870A004B716A /* Project object */;
}
